
Microsoft Visual Studio Solution File, Format Version 12.00
# Visual Studio 15
VisualStudioVersion = 15.0.28010.2041
MinimumVisualStudioVersion = 10.0.40219.1
Project("{FAE04EC0-301F-11D3-BF4B-00C04F79EFBC}") = "Test.Android", "Test\Test.Android\Test.Android.csproj", "{1AEE34FE-DF99-4BAE-A2EF-5D5C3027C9B5}"
EndProject
Project("{FAE04EC0-301F-11D3-BF4B-00C04F79EFBC}") = "Test.iOS", "Test\Test.iOS\Test.iOS.csproj", "{C0E8B014-65F1-410F-8440-9454F27BE912}"
EndProject
Project("{FAE04EC0-301F-11D3-BF4B-00C04F79EFBC}") = "Test.UWP", "Test\Test.UWP\Test.UWP.csproj", "{A1ED35A2-E70D-483D-A1BD-0FCDC148121A}"
EndProject
Project("{FAE04EC0-301F-11D3-BF4B-00C04F79EFBC}") = "Test", "Test\Test\Test.csproj", "{B076A277-A952-4895-A2AD-FD82F0DBFF15}"
EndProject
Global
	GlobalSection(SolutionConfigurationPlatforms) = preSolution
		Ad-Hoc|Any CPU = Ad-Hoc|Any CPU
		Ad-Hoc|ARM = Ad-Hoc|ARM
		Ad-Hoc|iPhone = Ad-Hoc|iPhone
		Ad-Hoc|iPhoneSimulator = Ad-Hoc|iPhoneSimulator
		Ad-Hoc|x64 = Ad-Hoc|x64
		Ad-Hoc|x86 = Ad-Hoc|x86
		AppStore|Any CPU = AppStore|Any CPU
		AppStore|ARM = AppStore|ARM
		AppStore|iPhone = AppStore|iPhone
		AppStore|iPhoneSimulator = AppStore|iPhoneSimulator
		AppStore|x64 = AppStore|x64
		AppStore|x86 = AppStore|x86
		Debug|Any CPU = Debug|Any CPU
		Debug|ARM = Debug|ARM
		Debug|iPhone = Debug|iPhone
		Debug|iPhoneSimulator = Debug|iPhoneSimulator
		Debug|x64 = Debug|x64
		Debug|x86 = Debug|x86
		Release|Any CPU = Release|Any CPU
		Release|ARM = Release|ARM
		Release|iPhone = Release|iPhone
		Release|iPhoneSimulator = Release|iPhoneSimulator
		Release|x64 = Release|x64
		Release|x86 = Release|x86
	EndGlobalSection
	GlobalSection(ProjectConfigurationPlatforms) = postSolution
		{1AEE34FE-DF99-4BAE-A2EF-5D5C3027C9B5}.Ad-Hoc|Any CPU.ActiveCfg = Release|Any CPU
		{1AEE34FE-DF99-4BAE-A2EF-5D5C3027C9B5}.Ad-Hoc|Any CPU.Build.0 = Release|Any CPU
		{1AEE34FE-DF99-4BAE-A2EF-5D5C3027C9B5}.Ad-Hoc|Any CPU.Deploy.0 = Release|Any CPU
		{1AEE34FE-DF99-4BAE-A2EF-5D5C3027C9B5}.Ad-Hoc|ARM.ActiveCfg = Release|Any CPU
		{1AEE34FE-DF99-4BAE-A2EF-5D5C3027C9B5}.Ad-Hoc|ARM.Build.0 = Release|Any CPU
		{1AEE34FE-DF99-4BAE-A2EF-5D5C3027C9B5}.Ad-Hoc|ARM.Deploy.0 = Release|Any CPU
		{1AEE34FE-DF99-4BAE-A2EF-5D5C3027C9B5}.Ad-Hoc|iPhone.ActiveCfg = Release|Any CPU
		{1AEE34FE-DF99-4BAE-A2EF-5D5C3027C9B5}.Ad-Hoc|iPhone.Build.0 = Release|Any CPU
		{1AEE34FE-DF99-4BAE-A2EF-5D5C3027C9B5}.Ad-Hoc|iPhone.Deploy.0 = Release|Any CPU
		{1AEE34FE-DF99-4BAE-A2EF-5D5C3027C9B5}.Ad-Hoc|iPhoneSimulator.ActiveCfg = Release|Any CPU
		{1AEE34FE-DF99-4BAE-A2EF-5D5C3027C9B5}.Ad-Hoc|iPhoneSimulator.Build.0 = Release|Any CPU
		{1AEE34FE-DF99-4BAE-A2EF-5D5C3027C9B5}.Ad-Hoc|iPhoneSimulator.Deploy.0 = Release|Any CPU
		{1AEE34FE-DF99-4BAE-A2EF-5D5C3027C9B5}.Ad-Hoc|x64.ActiveCfg = Release|Any CPU
		{1AEE34FE-DF99-4BAE-A2EF-5D5C3027C9B5}.Ad-Hoc|x64.Build.0 = Release|Any CPU
		{1AEE34FE-DF99-4BAE-A2EF-5D5C3027C9B5}.Ad-Hoc|x64.Deploy.0 = Release|Any CPU
		{1AEE34FE-DF99-4BAE-A2EF-5D5C3027C9B5}.Ad-Hoc|x86.ActiveCfg = Release|Any CPU
		{1AEE34FE-DF99-4BAE-A2EF-5D5C3027C9B5}.Ad-Hoc|x86.Build.0 = Release|Any CPU
		{1AEE34FE-DF99-4BAE-A2EF-5D5C3027C9B5}.Ad-Hoc|x86.Deploy.0 = Release|Any CPU
		{1AEE34FE-DF99-4BAE-A2EF-5D5C3027C9B5}.AppStore|Any CPU.ActiveCfg = Release|Any CPU
		{1AEE34FE-DF99-4BAE-A2EF-5D5C3027C9B5}.AppStore|Any CPU.Build.0 = Release|Any CPU
		{1AEE34FE-DF99-4BAE-A2EF-5D5C3027C9B5}.AppStore|Any CPU.Deploy.0 = Release|Any CPU
		{1AEE34FE-DF99-4BAE-A2EF-5D5C3027C9B5}.AppStore|ARM.ActiveCfg = Release|Any CPU
		{1AEE34FE-DF99-4BAE-A2EF-5D5C3027C9B5}.AppStore|ARM.Build.0 = Release|Any CPU
		{1AEE34FE-DF99-4BAE-A2EF-5D5C3027C9B5}.AppStore|ARM.Deploy.0 = Release|Any CPU
		{1AEE34FE-DF99-4BAE-A2EF-5D5C3027C9B5}.AppStore|iPhone.ActiveCfg = Release|Any CPU
		{1AEE34FE-DF99-4BAE-A2EF-5D5C3027C9B5}.AppStore|iPhone.Build.0 = Release|Any CPU
		{1AEE34FE-DF99-4BAE-A2EF-5D5C3027C9B5}.AppStore|iPhone.Deploy.0 = Release|Any CPU
		{1AEE34FE-DF99-4BAE-A2EF-5D5C3027C9B5}.AppStore|iPhoneSimulator.ActiveCfg = Release|Any CPU
		{1AEE34FE-DF99-4BAE-A2EF-5D5C3027C9B5}.AppStore|iPhoneSimulator.Build.0 = Release|Any CPU
		{1AEE34FE-DF99-4BAE-A2EF-5D5C3027C9B5}.AppStore|iPhoneSimulator.Deploy.0 = Release|Any CPU
		{1AEE34FE-DF99-4BAE-A2EF-5D5C3027C9B5}.AppStore|x64.ActiveCfg = Release|Any CPU
		{1AEE34FE-DF99-4BAE-A2EF-5D5C3027C9B5}.AppStore|x64.Build.0 = Release|Any CPU
		{1AEE34FE-DF99-4BAE-A2EF-5D5C3027C9B5}.AppStore|x64.Deploy.0 = Release|Any CPU
		{1AEE34FE-DF99-4BAE-A2EF-5D5C3027C9B5}.AppStore|x86.ActiveCfg = Release|Any CPU
		{1AEE34FE-DF99-4BAE-A2EF-5D5C3027C9B5}.AppStore|x86.Build.0 = Release|Any CPU
		{1AEE34FE-DF99-4BAE-A2EF-5D5C3027C9B5}.AppStore|x86.Deploy.0 = Release|Any CPU
		{1AEE34FE-DF99-4BAE-A2EF-5D5C3027C9B5}.Debug|Any CPU.ActiveCfg = Debug|Any CPU
		{1AEE34FE-DF99-4BAE-A2EF-5D5C3027C9B5}.Debug|Any CPU.Build.0 = Debug|Any CPU
		{1AEE34FE-DF99-4BAE-A2EF-5D5C3027C9B5}.Debug|Any CPU.Deploy.0 = Debug|Any CPU
		{1AEE34FE-DF99-4BAE-A2EF-5D5C3027C9B5}.Debug|ARM.ActiveCfg = Debug|Any CPU
		{1AEE34FE-DF99-4BAE-A2EF-5D5C3027C9B5}.Debug|ARM.Build.0 = Debug|Any CPU
		{1AEE34FE-DF99-4BAE-A2EF-5D5C3027C9B5}.Debug|ARM.Deploy.0 = Debug|Any CPU
		{1AEE34FE-DF99-4BAE-A2EF-5D5C3027C9B5}.Debug|iPhone.ActiveCfg = Debug|Any CPU
		{1AEE34FE-DF99-4BAE-A2EF-5D5C3027C9B5}.Debug|iPhone.Build.0 = Debug|Any CPU
		{1AEE34FE-DF99-4BAE-A2EF-5D5C3027C9B5}.Debug|iPhone.Deploy.0 = Debug|Any CPU
		{1AEE34FE-DF99-4BAE-A2EF-5D5C3027C9B5}.Debug|iPhoneSimulator.ActiveCfg = Debug|Any CPU
		{1AEE34FE-DF99-4BAE-A2EF-5D5C3027C9B5}.Debug|iPhoneSimulator.Build.0 = Debug|Any CPU
		{1AEE34FE-DF99-4BAE-A2EF-5D5C3027C9B5}.Debug|iPhoneSimulator.Deploy.0 = Debug|Any CPU
		{1AEE34FE-DF99-4BAE-A2EF-5D5C3027C9B5}.Debug|x64.ActiveCfg = Debug|Any CPU
		{1AEE34FE-DF99-4BAE-A2EF-5D5C3027C9B5}.Debug|x64.Build.0 = Debug|Any CPU
		{1AEE34FE-DF99-4BAE-A2EF-5D5C3027C9B5}.Debug|x64.Deploy.0 = Debug|Any CPU
		{1AEE34FE-DF99-4BAE-A2EF-5D5C3027C9B5}.Debug|x86.ActiveCfg = Debug|Any CPU
		{1AEE34FE-DF99-4BAE-A2EF-5D5C3027C9B5}.Debug|x86.Build.0 = Debug|Any CPU
		{1AEE34FE-DF99-4BAE-A2EF-5D5C3027C9B5}.Debug|x86.Deploy.0 = Debug|Any CPU
		{1AEE34FE-DF99-4BAE-A2EF-5D5C3027C9B5}.Release|Any CPU.ActiveCfg = Release|Any CPU
		{1AEE34FE-DF99-4BAE-A2EF-5D5C3027C9B5}.Release|Any CPU.Build.0 = Release|Any CPU
		{1AEE34FE-DF99-4BAE-A2EF-5D5C3027C9B5}.Release|Any CPU.Deploy.0 = Release|Any CPU
		{1AEE34FE-DF99-4BAE-A2EF-5D5C3027C9B5}.Release|ARM.ActiveCfg = Release|Any CPU
		{1AEE34FE-DF99-4BAE-A2EF-5D5C3027C9B5}.Release|ARM.Build.0 = Release|Any CPU
		{1AEE34FE-DF99-4BAE-A2EF-5D5C3027C9B5}.Release|ARM.Deploy.0 = Release|Any CPU
		{1AEE34FE-DF99-4BAE-A2EF-5D5C3027C9B5}.Release|iPhone.ActiveCfg = Release|Any CPU
		{1AEE34FE-DF99-4BAE-A2EF-5D5C3027C9B5}.Release|iPhone.Build.0 = Release|Any CPU
		{1AEE34FE-DF99-4BAE-A2EF-5D5C3027C9B5}.Release|iPhone.Deploy.0 = Release|Any CPU
		{1AEE34FE-DF99-4BAE-A2EF-5D5C3027C9B5}.Release|iPhoneSimulator.ActiveCfg = Release|Any CPU
		{1AEE34FE-DF99-4BAE-A2EF-5D5C3027C9B5}.Release|iPhoneSimulator.Build.0 = Release|Any CPU
		{1AEE34FE-DF99-4BAE-A2EF-5D5C3027C9B5}.Release|iPhoneSimulator.Deploy.0 = Release|Any CPU
		{1AEE34FE-DF99-4BAE-A2EF-5D5C3027C9B5}.Release|x64.ActiveCfg = Release|Any CPU
		{1AEE34FE-DF99-4BAE-A2EF-5D5C3027C9B5}.Release|x64.Build.0 = Release|Any CPU
		{1AEE34FE-DF99-4BAE-A2EF-5D5C3027C9B5}.Release|x64.Deploy.0 = Release|Any CPU
		{1AEE34FE-DF99-4BAE-A2EF-5D5C3027C9B5}.Release|x86.ActiveCfg = Release|Any CPU
		{1AEE34FE-DF99-4BAE-A2EF-5D5C3027C9B5}.Release|x86.Build.0 = Release|Any CPU
		{1AEE34FE-DF99-4BAE-A2EF-5D5C3027C9B5}.Release|x86.Deploy.0 = Release|Any CPU
		{C0E8B014-65F1-410F-8440-9454F27BE912}.Ad-Hoc|Any CPU.ActiveCfg = Ad-Hoc|iPhone
		{C0E8B014-65F1-410F-8440-9454F27BE912}.Ad-Hoc|Any CPU.Build.0 = Ad-Hoc|iPhone
		{C0E8B014-65F1-410F-8440-9454F27BE912}.Ad-Hoc|Any CPU.Deploy.0 = Ad-Hoc|iPhone
		{C0E8B014-65F1-410F-8440-9454F27BE912}.Ad-Hoc|ARM.ActiveCfg = Ad-Hoc|iPhone
		{C0E8B014-65F1-410F-8440-9454F27BE912}.Ad-Hoc|ARM.Build.0 = Ad-Hoc|iPhone
		{C0E8B014-65F1-410F-8440-9454F27BE912}.Ad-Hoc|ARM.Deploy.0 = Ad-Hoc|iPhone
		{C0E8B014-65F1-410F-8440-9454F27BE912}.Ad-Hoc|iPhone.ActiveCfg = Ad-Hoc|iPhone
		{C0E8B014-65F1-410F-8440-9454F27BE912}.Ad-Hoc|iPhone.Build.0 = Ad-Hoc|iPhone
		{C0E8B014-65F1-410F-8440-9454F27BE912}.Ad-Hoc|iPhone.Deploy.0 = Ad-Hoc|iPhone
		{C0E8B014-65F1-410F-8440-9454F27BE912}.Ad-Hoc|iPhoneSimulator.ActiveCfg = Ad-Hoc|iPhoneSimulator
		{C0E8B014-65F1-410F-8440-9454F27BE912}.Ad-Hoc|iPhoneSimulator.Build.0 = Ad-Hoc|iPhoneSimulator
		{C0E8B014-65F1-410F-8440-9454F27BE912}.Ad-Hoc|iPhoneSimulator.Deploy.0 = Ad-Hoc|iPhoneSimulator
		{C0E8B014-65F1-410F-8440-9454F27BE912}.Ad-Hoc|x64.ActiveCfg = Ad-Hoc|iPhone
		{C0E8B014-65F1-410F-8440-9454F27BE912}.Ad-Hoc|x64.Build.0 = Ad-Hoc|iPhone
		{C0E8B014-65F1-410F-8440-9454F27BE912}.Ad-Hoc|x64.Deploy.0 = Ad-Hoc|iPhone
		{C0E8B014-65F1-410F-8440-9454F27BE912}.Ad-Hoc|x86.ActiveCfg = Ad-Hoc|iPhone
		{C0E8B014-65F1-410F-8440-9454F27BE912}.Ad-Hoc|x86.Build.0 = Ad-Hoc|iPhone
		{C0E8B014-65F1-410F-8440-9454F27BE912}.Ad-Hoc|x86.Deploy.0 = Ad-Hoc|iPhone
		{C0E8B014-65F1-410F-8440-9454F27BE912}.AppStore|Any CPU.ActiveCfg = AppStore|iPhone
		{C0E8B014-65F1-410F-8440-9454F27BE912}.AppStore|Any CPU.Build.0 = AppStore|iPhone
		{C0E8B014-65F1-410F-8440-9454F27BE912}.AppStore|Any CPU.Deploy.0 = AppStore|iPhone
		{C0E8B014-65F1-410F-8440-9454F27BE912}.AppStore|ARM.ActiveCfg = AppStore|iPhone
		{C0E8B014-65F1-410F-8440-9454F27BE912}.AppStore|ARM.Build.0 = AppStore|iPhone
		{C0E8B014-65F1-410F-8440-9454F27BE912}.AppStore|ARM.Deploy.0 = AppStore|iPhone
		{C0E8B014-65F1-410F-8440-9454F27BE912}.AppStore|iPhone.ActiveCfg = AppStore|iPhone
		{C0E8B014-65F1-410F-8440-9454F27BE912}.AppStore|iPhone.Build.0 = AppStore|iPhone
		{C0E8B014-65F1-410F-8440-9454F27BE912}.AppStore|iPhone.Deploy.0 = AppStore|iPhone
		{C0E8B014-65F1-410F-8440-9454F27BE912}.AppStore|iPhoneSimulator.ActiveCfg = AppStore|iPhoneSimulator
		{C0E8B014-65F1-410F-8440-9454F27BE912}.AppStore|iPhoneSimulator.Build.0 = AppStore|iPhoneSimulator
		{C0E8B014-65F1-410F-8440-9454F27BE912}.AppStore|iPhoneSimulator.Deploy.0 = AppStore|iPhoneSimulator
		{C0E8B014-65F1-410F-8440-9454F27BE912}.AppStore|x64.ActiveCfg = AppStore|iPhone
		{C0E8B014-65F1-410F-8440-9454F27BE912}.AppStore|x64.Build.0 = AppStore|iPhone
		{C0E8B014-65F1-410F-8440-9454F27BE912}.AppStore|x64.Deploy.0 = AppStore|iPhone
		{C0E8B014-65F1-410F-8440-9454F27BE912}.AppStore|x86.ActiveCfg = AppStore|iPhone
		{C0E8B014-65F1-410F-8440-9454F27BE912}.AppStore|x86.Build.0 = AppStore|iPhone
		{C0E8B014-65F1-410F-8440-9454F27BE912}.AppStore|x86.Deploy.0 = AppStore|iPhone
		{C0E8B014-65F1-410F-8440-9454F27BE912}.Debug|Any CPU.ActiveCfg = Debug|iPhoneSimulator
		{C0E8B014-65F1-410F-8440-9454F27BE912}.Debug|Any CPU.Build.0 = Debug|iPhoneSimulator
		{C0E8B014-65F1-410F-8440-9454F27BE912}.Debug|Any CPU.Deploy.0 = Debug|iPhoneSimulator
		{C0E8B014-65F1-410F-8440-9454F27BE912}.Debug|ARM.ActiveCfg = Debug|iPhone
		{C0E8B014-65F1-410F-8440-9454F27BE912}.Debug|ARM.Build.0 = Debug|iPhone
		{C0E8B014-65F1-410F-8440-9454F27BE912}.Debug|ARM.Deploy.0 = Debug|iPhone
		{C0E8B014-65F1-410F-8440-9454F27BE912}.Debug|iPhone.ActiveCfg = Debug|iPhone
		{C0E8B014-65F1-410F-8440-9454F27BE912}.Debug|iPhone.Build.0 = Debug|iPhone
		{C0E8B014-65F1-410F-8440-9454F27BE912}.Debug|iPhone.Deploy.0 = Debug|iPhone
		{C0E8B014-65F1-410F-8440-9454F27BE912}.Debug|iPhoneSimulator.ActiveCfg = Debug|iPhoneSimulator
		{C0E8B014-65F1-410F-8440-9454F27BE912}.Debug|iPhoneSimulator.Build.0 = Debug|iPhoneSimulator
		{C0E8B014-65F1-410F-8440-9454F27BE912}.Debug|iPhoneSimulator.Deploy.0 = Debug|iPhoneSimulator
		{C0E8B014-65F1-410F-8440-9454F27BE912}.Debug|x64.ActiveCfg = Debug|iPhone
		{C0E8B014-65F1-410F-8440-9454F27BE912}.Debug|x64.Build.0 = Debug|iPhone
		{C0E8B014-65F1-410F-8440-9454F27BE912}.Debug|x64.Deploy.0 = Debug|iPhone
		{C0E8B014-65F1-410F-8440-9454F27BE912}.Debug|x86.ActiveCfg = Debug|iPhone
		{C0E8B014-65F1-410F-8440-9454F27BE912}.Debug|x86.Build.0 = Debug|iPhone
		{C0E8B014-65F1-410F-8440-9454F27BE912}.Debug|x86.Deploy.0 = Debug|iPhone
		{C0E8B014-65F1-410F-8440-9454F27BE912}.Release|Any CPU.ActiveCfg = Release|iPhone
		{C0E8B014-65F1-410F-8440-9454F27BE912}.Release|Any CPU.Build.0 = Release|iPhone
		{C0E8B014-65F1-410F-8440-9454F27BE912}.Release|Any CPU.Deploy.0 = Release|iPhone
		{C0E8B014-65F1-410F-8440-9454F27BE912}.Release|ARM.ActiveCfg = Release|iPhone
		{C0E8B014-65F1-410F-8440-9454F27BE912}.Release|ARM.Build.0 = Release|iPhone
		{C0E8B014-65F1-410F-8440-9454F27BE912}.Release|ARM.Deploy.0 = Release|iPhone
		{C0E8B014-65F1-410F-8440-9454F27BE912}.Release|iPhone.ActiveCfg = Release|iPhone
		{C0E8B014-65F1-410F-8440-9454F27BE912}.Release|iPhone.Build.0 = Release|iPhone
		{C0E8B014-65F1-410F-8440-9454F27BE912}.Release|iPhone.Deploy.0 = Release|iPhone
		{C0E8B014-65F1-410F-8440-9454F27BE912}.Release|iPhoneSimulator.ActiveCfg = Release|iPhoneSimulator
		{C0E8B014-65F1-410F-8440-9454F27BE912}.Release|iPhoneSimulator.Build.0 = Release|iPhoneSimulator
		{C0E8B014-65F1-410F-8440-9454F27BE912}.Release|iPhoneSimulator.Deploy.0 = Release|iPhoneSimulator
		{C0E8B014-65F1-410F-8440-9454F27BE912}.Release|x64.ActiveCfg = Release|iPhone
		{C0E8B014-65F1-410F-8440-9454F27BE912}.Release|x64.Build.0 = Release|iPhone
		{C0E8B014-65F1-410F-8440-9454F27BE912}.Release|x64.Deploy.0 = Release|iPhone
		{C0E8B014-65F1-410F-8440-9454F27BE912}.Release|x86.ActiveCfg = Release|iPhone
		{C0E8B014-65F1-410F-8440-9454F27BE912}.Release|x86.Build.0 = Release|iPhone
		{C0E8B014-65F1-410F-8440-9454F27BE912}.Release|x86.Deploy.0 = Release|iPhone
		{A1ED35A2-E70D-483D-A1BD-0FCDC148121A}.Ad-Hoc|Any CPU.ActiveCfg = Release|x86
		{A1ED35A2-E70D-483D-A1BD-0FCDC148121A}.Ad-Hoc|Any CPU.Build.0 = Release|x86
		{A1ED35A2-E70D-483D-A1BD-0FCDC148121A}.Ad-Hoc|Any CPU.Deploy.0 = Release|x86
		{A1ED35A2-E70D-483D-A1BD-0FCDC148121A}.Ad-Hoc|ARM.ActiveCfg = Release|ARM
		{A1ED35A2-E70D-483D-A1BD-0FCDC148121A}.Ad-Hoc|ARM.Build.0 = Release|ARM
		{A1ED35A2-E70D-483D-A1BD-0FCDC148121A}.Ad-Hoc|ARM.Deploy.0 = Release|ARM
		{A1ED35A2-E70D-483D-A1BD-0FCDC148121A}.Ad-Hoc|iPhone.ActiveCfg = Release|x86
		{A1ED35A2-E70D-483D-A1BD-0FCDC148121A}.Ad-Hoc|iPhone.Build.0 = Release|x86
		{A1ED35A2-E70D-483D-A1BD-0FCDC148121A}.Ad-Hoc|iPhone.Deploy.0 = Release|x86
		{A1ED35A2-E70D-483D-A1BD-0FCDC148121A}.Ad-Hoc|iPhoneSimulator.ActiveCfg = Release|x86
		{A1ED35A2-E70D-483D-A1BD-0FCDC148121A}.Ad-Hoc|iPhoneSimulator.Build.0 = Release|x86
		{A1ED35A2-E70D-483D-A1BD-0FCDC148121A}.Ad-Hoc|iPhoneSimulator.Deploy.0 = Release|x86
		{A1ED35A2-E70D-483D-A1BD-0FCDC148121A}.Ad-Hoc|x64.ActiveCfg = Release|x64
		{A1ED35A2-E70D-483D-A1BD-0FCDC148121A}.Ad-Hoc|x64.Build.0 = Release|x64
		{A1ED35A2-E70D-483D-A1BD-0FCDC148121A}.Ad-Hoc|x64.Deploy.0 = Release|x64
		{A1ED35A2-E70D-483D-A1BD-0FCDC148121A}.Ad-Hoc|x86.ActiveCfg = Release|x86
		{A1ED35A2-E70D-483D-A1BD-0FCDC148121A}.Ad-Hoc|x86.Build.0 = Release|x86
		{A1ED35A2-E70D-483D-A1BD-0FCDC148121A}.Ad-Hoc|x86.Deploy.0 = Release|x86
		{A1ED35A2-E70D-483D-A1BD-0FCDC148121A}.AppStore|Any CPU.ActiveCfg = Release|x86
		{A1ED35A2-E70D-483D-A1BD-0FCDC148121A}.AppStore|Any CPU.Build.0 = Release|x86
		{A1ED35A2-E70D-483D-A1BD-0FCDC148121A}.AppStore|Any CPU.Deploy.0 = Release|x86
		{A1ED35A2-E70D-483D-A1BD-0FCDC148121A}.AppStore|ARM.ActiveCfg = Release|ARM
		{A1ED35A2-E70D-483D-A1BD-0FCDC148121A}.AppStore|ARM.Build.0 = Release|ARM
		{A1ED35A2-E70D-483D-A1BD-0FCDC148121A}.AppStore|ARM.Deploy.0 = Release|ARM
		{A1ED35A2-E70D-483D-A1BD-0FCDC148121A}.AppStore|iPhone.ActiveCfg = Release|x86
		{A1ED35A2-E70D-483D-A1BD-0FCDC148121A}.AppStore|iPhone.Build.0 = Release|x86
		{A1ED35A2-E70D-483D-A1BD-0FCDC148121A}.AppStore|iPhone.Deploy.0 = Release|x86
		{A1ED35A2-E70D-483D-A1BD-0FCDC148121A}.AppStore|iPhoneSimulator.ActiveCfg = Release|x86
		{A1ED35A2-E70D-483D-A1BD-0FCDC148121A}.AppStore|iPhoneSimulator.Build.0 = Release|x86
		{A1ED35A2-E70D-483D-A1BD-0FCDC148121A}.AppStore|iPhoneSimulator.Deploy.0 = Release|x86
		{A1ED35A2-E70D-483D-A1BD-0FCDC148121A}.AppStore|x64.ActiveCfg = Release|x64
		{A1ED35A2-E70D-483D-A1BD-0FCDC148121A}.AppStore|x64.Build.0 = Release|x64
		{A1ED35A2-E70D-483D-A1BD-0FCDC148121A}.AppStore|x64.Deploy.0 = Release|x64
		{A1ED35A2-E70D-483D-A1BD-0FCDC148121A}.AppStore|x86.ActiveCfg = Release|x86
		{A1ED35A2-E70D-483D-A1BD-0FCDC148121A}.AppStore|x86.Build.0 = Release|x86
		{A1ED35A2-E70D-483D-A1BD-0FCDC148121A}.AppStore|x86.Deploy.0 = Release|x86
		{A1ED35A2-E70D-483D-A1BD-0FCDC148121A}.Debug|Any CPU.ActiveCfg = Debug|x86
		{A1ED35A2-E70D-483D-A1BD-0FCDC148121A}.Debug|Any CPU.Build.0 = Debug|x86
		{A1ED35A2-E70D-483D-A1BD-0FCDC148121A}.Debug|Any CPU.Deploy.0 = Debug|x86
		{A1ED35A2-E70D-483D-A1BD-0FCDC148121A}.Debug|ARM.ActiveCfg = Debug|ARM
		{A1ED35A2-E70D-483D-A1BD-0FCDC148121A}.Debug|ARM.Build.0 = Debug|ARM
		{A1ED35A2-E70D-483D-A1BD-0FCDC148121A}.Debug|ARM.Deploy.0 = Debug|ARM
		{A1ED35A2-E70D-483D-A1BD-0FCDC148121A}.Debug|iPhone.ActiveCfg = Debug|x86
		{A1ED35A2-E70D-483D-A1BD-0FCDC148121A}.Debug|iPhone.Build.0 = Debug|x86
		{A1ED35A2-E70D-483D-A1BD-0FCDC148121A}.Debug|iPhone.Deploy.0 = Debug|x86
		{A1ED35A2-E70D-483D-A1BD-0FCDC148121A}.Debug|iPhoneSimulator.ActiveCfg = Debug|x86
		{A1ED35A2-E70D-483D-A1BD-0FCDC148121A}.Debug|iPhoneSimulator.Build.0 = Debug|x86
		{A1ED35A2-E70D-483D-A1BD-0FCDC148121A}.Debug|iPhoneSimulator.Deploy.0 = Debug|x86
		{A1ED35A2-E70D-483D-A1BD-0FCDC148121A}.Debug|x64.ActiveCfg = Debug|x64
		{A1ED35A2-E70D-483D-A1BD-0FCDC148121A}.Debug|x64.Build.0 = Debug|x64
		{A1ED35A2-E70D-483D-A1BD-0FCDC148121A}.Debug|x64.Deploy.0 = Debug|x64
		{A1ED35A2-E70D-483D-A1BD-0FCDC148121A}.Debug|x86.ActiveCfg = Debug|x86
		{A1ED35A2-E70D-483D-A1BD-0FCDC148121A}.Debug|x86.Build.0 = Debug|x86
		{A1ED35A2-E70D-483D-A1BD-0FCDC148121A}.Debug|x86.Deploy.0 = Debug|x86
		{A1ED35A2-E70D-483D-A1BD-0FCDC148121A}.Release|Any CPU.ActiveCfg = Release|x86
		{A1ED35A2-E70D-483D-A1BD-0FCDC148121A}.Release|Any CPU.Build.0 = Release|x86
		{A1ED35A2-E70D-483D-A1BD-0FCDC148121A}.Release|Any CPU.Deploy.0 = Release|x86
		{A1ED35A2-E70D-483D-A1BD-0FCDC148121A}.Release|ARM.ActiveCfg = Release|ARM
		{A1ED35A2-E70D-483D-A1BD-0FCDC148121A}.Release|ARM.Build.0 = Release|ARM
		{A1ED35A2-E70D-483D-A1BD-0FCDC148121A}.Release|ARM.Deploy.0 = Release|ARM
		{A1ED35A2-E70D-483D-A1BD-0FCDC148121A}.Release|iPhone.ActiveCfg = Release|x86
		{A1ED35A2-E70D-483D-A1BD-0FCDC148121A}.Release|iPhone.Build.0 = Release|x86
		{A1ED35A2-E70D-483D-A1BD-0FCDC148121A}.Release|iPhone.Deploy.0 = Release|x86
		{A1ED35A2-E70D-483D-A1BD-0FCDC148121A}.Release|iPhoneSimulator.ActiveCfg = Release|x86
		{A1ED35A2-E70D-483D-A1BD-0FCDC148121A}.Release|iPhoneSimulator.Build.0 = Release|x86
		{A1ED35A2-E70D-483D-A1BD-0FCDC148121A}.Release|iPhoneSimulator.Deploy.0 = Release|x86
		{A1ED35A2-E70D-483D-A1BD-0FCDC148121A}.Release|x64.ActiveCfg = Release|x64
		{A1ED35A2-E70D-483D-A1BD-0FCDC148121A}.Release|x64.Build.0 = Release|x64
		{A1ED35A2-E70D-483D-A1BD-0FCDC148121A}.Release|x64.Deploy.0 = Release|x64
		{A1ED35A2-E70D-483D-A1BD-0FCDC148121A}.Release|x86.ActiveCfg = Release|x86
		{A1ED35A2-E70D-483D-A1BD-0FCDC148121A}.Release|x86.Build.0 = Release|x86
		{A1ED35A2-E70D-483D-A1BD-0FCDC148121A}.Release|x86.Deploy.0 = Release|x86
		{B076A277-A952-4895-A2AD-FD82F0DBFF15}.Ad-Hoc|Any CPU.ActiveCfg = Debug|Any CPU
		{B076A277-A952-4895-A2AD-FD82F0DBFF15}.Ad-Hoc|Any CPU.Build.0 = Debug|Any CPU
		{B076A277-A952-4895-A2AD-FD82F0DBFF15}.Ad-Hoc|Any CPU.Deploy.0 = Debug|Any CPU
		{B076A277-A952-4895-A2AD-FD82F0DBFF15}.Ad-Hoc|ARM.ActiveCfg = Debug|Any CPU
		{B076A277-A952-4895-A2AD-FD82F0DBFF15}.Ad-Hoc|ARM.Build.0 = Debug|Any CPU
		{B076A277-A952-4895-A2AD-FD82F0DBFF15}.Ad-Hoc|ARM.Deploy.0 = Debug|Any CPU
		{B076A277-A952-4895-A2AD-FD82F0DBFF15}.Ad-Hoc|iPhone.ActiveCfg = Debug|Any CPU
		{B076A277-A952-4895-A2AD-FD82F0DBFF15}.Ad-Hoc|iPhone.Build.0 = Debug|Any CPU
		{B076A277-A952-4895-A2AD-FD82F0DBFF15}.Ad-Hoc|iPhone.Deploy.0 = Debug|Any CPU
		{B076A277-A952-4895-A2AD-FD82F0DBFF15}.Ad-Hoc|iPhoneSimulator.ActiveCfg = Debug|Any CPU
		{B076A277-A952-4895-A2AD-FD82F0DBFF15}.Ad-Hoc|iPhoneSimulator.Build.0 = Debug|Any CPU
		{B076A277-A952-4895-A2AD-FD82F0DBFF15}.Ad-Hoc|iPhoneSimulator.Deploy.0 = Debug|Any CPU
		{B076A277-A952-4895-A2AD-FD82F0DBFF15}.Ad-Hoc|x64.ActiveCfg = Debug|Any CPU
		{B076A277-A952-4895-A2AD-FD82F0DBFF15}.Ad-Hoc|x64.Build.0 = Debug|Any CPU
		{B076A277-A952-4895-A2AD-FD82F0DBFF15}.Ad-Hoc|x64.Deploy.0 = Debug|Any CPU
		{B076A277-A952-4895-A2AD-FD82F0DBFF15}.Ad-Hoc|x86.ActiveCfg = Debug|Any CPU
		{B076A277-A952-4895-A2AD-FD82F0DBFF15}.Ad-Hoc|x86.Build.0 = Debug|Any CPU
		{B076A277-A952-4895-A2AD-FD82F0DBFF15}.Ad-Hoc|x86.Deploy.0 = Debug|Any CPU
		{B076A277-A952-4895-A2AD-FD82F0DBFF15}.AppStore|Any CPU.ActiveCfg = Debug|Any CPU
		{B076A277-A952-4895-A2AD-FD82F0DBFF15}.AppStore|Any CPU.Build.0 = Debug|Any CPU
		{B076A277-A952-4895-A2AD-FD82F0DBFF15}.AppStore|Any CPU.Deploy.0 = Debug|Any CPU
		{B076A277-A952-4895-A2AD-FD82F0DBFF15}.AppStore|ARM.ActiveCfg = Debug|Any CPU
		{B076A277-A952-4895-A2AD-FD82F0DBFF15}.AppStore|ARM.Build.0 = Debug|Any CPU
		{B076A277-A952-4895-A2AD-FD82F0DBFF15}.AppStore|ARM.Deploy.0 = Debug|Any CPU
		{B076A277-A952-4895-A2AD-FD82F0DBFF15}.AppStore|iPhone.ActiveCfg = Debug|Any CPU
		{B076A277-A952-4895-A2AD-FD82F0DBFF15}.AppStore|iPhone.Build.0 = Debug|Any CPU
		{B076A277-A952-4895-A2AD-FD82F0DBFF15}.AppStore|iPhone.Deploy.0 = Debug|Any CPU
		{B076A277-A952-4895-A2AD-FD82F0DBFF15}.AppStore|iPhoneSimulator.ActiveCfg = Debug|Any CPU
		{B076A277-A952-4895-A2AD-FD82F0DBFF15}.AppStore|iPhoneSimulator.Build.0 = Debug|Any CPU
		{B076A277-A952-4895-A2AD-FD82F0DBFF15}.AppStore|iPhoneSimulator.Deploy.0 = Debug|Any CPU
		{B076A277-A952-4895-A2AD-FD82F0DBFF15}.AppStore|x64.ActiveCfg = Debug|Any CPU
		{B076A277-A952-4895-A2AD-FD82F0DBFF15}.AppStore|x64.Build.0 = Debug|Any CPU
		{B076A277-A952-4895-A2AD-FD82F0DBFF15}.AppStore|x64.Deploy.0 = Debug|Any CPU
		{B076A277-A952-4895-A2AD-FD82F0DBFF15}.AppStore|x86.ActiveCfg = Debug|Any CPU
		{B076A277-A952-4895-A2AD-FD82F0DBFF15}.AppStore|x86.Build.0 = Debug|Any CPU
		{B076A277-A952-4895-A2AD-FD82F0DBFF15}.AppStore|x86.Deploy.0 = Debug|Any CPU
		{B076A277-A952-4895-A2AD-FD82F0DBFF15}.Debug|Any CPU.ActiveCfg = Debug|Any CPU
		{B076A277-A952-4895-A2AD-FD82F0DBFF15}.Debug|Any CPU.Build.0 = Debug|Any CPU
		{B076A277-A952-4895-A2AD-FD82F0DBFF15}.Debug|Any CPU.Deploy.0 = Debug|Any CPU
		{B076A277-A952-4895-A2AD-FD82F0DBFF15}.Debug|ARM.ActiveCfg = Debug|Any CPU
		{B076A277-A952-4895-A2AD-FD82F0DBFF15}.Debug|ARM.Build.0 = Debug|Any CPU
		{B076A277-A952-4895-A2AD-FD82F0DBFF15}.Debug|ARM.Deploy.0 = Debug|Any CPU
		{B076A277-A952-4895-A2AD-FD82F0DBFF15}.Debug|iPhone.ActiveCfg = Debug|Any CPU
		{B076A277-A952-4895-A2AD-FD82F0DBFF15}.Debug|iPhone.Build.0 = Debug|Any CPU
		{B076A277-A952-4895-A2AD-FD82F0DBFF15}.Debug|iPhone.Deploy.0 = Debug|Any CPU
		{B076A277-A952-4895-A2AD-FD82F0DBFF15}.Debug|iPhoneSimulator.ActiveCfg = Debug|Any CPU
		{B076A277-A952-4895-A2AD-FD82F0DBFF15}.Debug|iPhoneSimulator.Build.0 = Debug|Any CPU
		{B076A277-A952-4895-A2AD-FD82F0DBFF15}.Debug|iPhoneSimulator.Deploy.0 = Debug|Any CPU
		{B076A277-A952-4895-A2AD-FD82F0DBFF15}.Debug|x64.ActiveCfg = Debug|Any CPU
		{B076A277-A952-4895-A2AD-FD82F0DBFF15}.Debug|x64.Build.0 = Debug|Any CPU
		{B076A277-A952-4895-A2AD-FD82F0DBFF15}.Debug|x64.Deploy.0 = Debug|Any CPU
		{B076A277-A952-4895-A2AD-FD82F0DBFF15}.Debug|x86.ActiveCfg = Debug|Any CPU
		{B076A277-A952-4895-A2AD-FD82F0DBFF15}.Debug|x86.Build.0 = Debug|Any CPU
		{B076A277-A952-4895-A2AD-FD82F0DBFF15}.Debug|x86.Deploy.0 = Debug|Any CPU
		{B076A277-A952-4895-A2AD-FD82F0DBFF15}.Release|Any CPU.ActiveCfg = Release|Any CPU
		{B076A277-A952-4895-A2AD-FD82F0DBFF15}.Release|Any CPU.Build.0 = Release|Any CPU
		{B076A277-A952-4895-A2AD-FD82F0DBFF15}.Release|Any CPU.Deploy.0 = Release|Any CPU
		{B076A277-A952-4895-A2AD-FD82F0DBFF15}.Release|ARM.ActiveCfg = Release|Any CPU
		{B076A277-A952-4895-A2AD-FD82F0DBFF15}.Release|ARM.Build.0 = Release|Any CPU
		{B076A277-A952-4895-A2AD-FD82F0DBFF15}.Release|ARM.Deploy.0 = Release|Any CPU
		{B076A277-A952-4895-A2AD-FD82F0DBFF15}.Release|iPhone.ActiveCfg = Release|Any CPU
		{B076A277-A952-4895-A2AD-FD82F0DBFF15}.Release|iPhone.Build.0 = Release|Any CPU
		{B076A277-A952-4895-A2AD-FD82F0DBFF15}.Release|iPhone.Deploy.0 = Release|Any CPU
		{B076A277-A952-4895-A2AD-FD82F0DBFF15}.Release|iPhoneSimulator.ActiveCfg = Release|Any CPU
		{B076A277-A952-4895-A2AD-FD82F0DBFF15}.Release|iPhoneSimulator.Build.0 = Release|Any CPU
		{B076A277-A952-4895-A2AD-FD82F0DBFF15}.Release|iPhoneSimulator.Deploy.0 = Release|Any CPU
		{B076A277-A952-4895-A2AD-FD82F0DBFF15}.Release|x64.ActiveCfg = Release|Any CPU
		{B076A277-A952-4895-A2AD-FD82F0DBFF15}.Release|x64.Build.0 = Release|Any CPU
		{B076A277-A952-4895-A2AD-FD82F0DBFF15}.Release|x64.Deploy.0 = Release|Any CPU
		{B076A277-A952-4895-A2AD-FD82F0DBFF15}.Release|x86.ActiveCfg = Release|Any CPU
		{B076A277-A952-4895-A2AD-FD82F0DBFF15}.Release|x86.Build.0 = Release|Any CPU
		{B076A277-A952-4895-A2AD-FD82F0DBFF15}.Release|x86.Deploy.0 = Release|Any CPU
	EndGlobalSection
	GlobalSection(SolutionProperties) = preSolution
		HideSolutionNode = FALSE
	EndGlobalSection
	GlobalSection(ExtensibilityGlobals) = postSolution
		SolutionGuid = {F1DB05B8-22A1-4BF0-9E13-C8F966EAB1AD}
	EndGlobalSection
EndGlobal
